
Microsoft Visual Studio Solution File, Format Version 12.00
# Visual Studio 15
VisualStudioVersion = 15.0.26730.12
MinimumVisualStudioVersion = 10.0.40219.1
Project("{FAE04EC0-301F-11D3-BF4B-00C04F79EFBC}") = "FizzbuzzKata", "FizzbuzzKata\FizzbuzzKata.csproj", "{066BFE8D-44E3-4893-B65C-95F204F1F3CD}"
EndProject
Project("{FAE04EC0-301F-11D3-BF4B-00C04F79EFBC}") = "FizzbuzzKataUnitTests", "FizzbuzzKataUnitTests\FizzbuzzKataUnitTests.csproj", "{FCD00185-8D00-4C73-821E-854D49637551}"
EndProject
Global
	GlobalSection(SolutionConfigurationPlatforms) = preSolution
		Debug|Any CPU = Debug|Any CPU
		Release|Any CPU = Release|Any CPU
	EndGlobalSection
	GlobalSection(ProjectConfigurationPlatforms) = postSolution
		{066BFE8D-44E3-4893-B65C-95F204F1F3CD}.Debug|Any CPU.ActiveCfg = Debug|Any CPU
		{066BFE8D-44E3-4893-B65C-95F204F1F3CD}.Debug|Any CPU.Build.0 = Debug|Any CPU
		{066BFE8D-44E3-4893-B65C-95F204F1F3CD}.Release|Any CPU.ActiveCfg = Release|Any CPU
		{066BFE8D-44E3-4893-B65C-95F204F1F3CD}.Release|Any CPU.Build.0 = Release|Any CPU
		{FCD00185-8D00-4C73-821E-854D49637551}.Debug|Any CPU.ActiveCfg = Debug|Any CPU
		{FCD00185-8D00-4C73-821E-854D49637551}.Debug|Any CPU.Build.0 = Debug|Any CPU
		{FCD00185-8D00-4C73-821E-854D49637551}.Release|Any CPU.ActiveCfg = Release|Any CPU
		{FCD00185-8D00-4C73-821E-854D49637551}.Release|Any CPU.Build.0 = Release|Any CPU
	EndGlobalSection
	GlobalSection(SolutionProperties) = preSolution
		HideSolutionNode = FALSE
	EndGlobalSection
	GlobalSection(ExtensibilityGlobals) = postSolution
		SolutionGuid = {101618C7-C23B-4A4F-82CD-792510F548E0}
	EndGlobalSection
EndGlobal
